
Microsoft Visual Studio Solution File, Format Version 12.00
# Visual Studio Version 16
VisualStudioVersion = 16.0.31410.357
MinimumVisualStudioVersion = 10.0.40219.1
Project("{FAE04EC0-301F-11D3-BF4B-00C04F79EFBC}") = "BreadthFirstSearch", "BreadthFirstSearch\BreadthFirstSearch.csproj", "{4A928302-A77E-46A5-ABF0-25AF974275D3}"
EndProject
Project("{FAE04EC0-301F-11D3-BF4B-00C04F79EFBC}") = "BreadthFirstSearchTest", "BreadthFirstSearchTest\BreadthFirstSearchTest.csproj", "{9B01F055-5D38-4649-82AE-EADEC03A0CB2}"
EndProject
Global
	GlobalSection(SolutionConfigurationPlatforms) = preSolution
		Debug|Any CPU = Debug|Any CPU
		Release|Any CPU = Release|Any CPU
	EndGlobalSection
	GlobalSection(ProjectConfigurationPlatforms) = postSolution
		{4A928302-A77E-46A5-ABF0-25AF974275D3}.Debug|Any CPU.ActiveCfg = Debug|Any CPU
		{4A928302-A77E-46A5-ABF0-25AF974275D3}.Debug|Any CPU.Build.0 = Debug|Any CPU
		{4A928302-A77E-46A5-ABF0-25AF974275D3}.Release|Any CPU.ActiveCfg = Release|Any CPU
		{4A928302-A77E-46A5-ABF0-25AF974275D3}.Release|Any CPU.Build.0 = Release|Any CPU
		{9B01F055-5D38-4649-82AE-EADEC03A0CB2}.Debug|Any CPU.ActiveCfg = Debug|Any CPU
		{9B01F055-5D38-4649-82AE-EADEC03A0CB2}.Debug|Any CPU.Build.0 = Debug|Any CPU
		{9B01F055-5D38-4649-82AE-EADEC03A0CB2}.Release|Any CPU.ActiveCfg = Release|Any CPU
		{9B01F055-5D38-4649-82AE-EADEC03A0CB2}.Release|Any CPU.Build.0 = Release|Any CPU
	EndGlobalSection
	GlobalSection(SolutionProperties) = preSolution
		HideSolutionNode = FALSE
	EndGlobalSection
	GlobalSection(ExtensibilityGlobals) = postSolution
		SolutionGuid = {59F63310-AEF2-4FCC-AFA9-8EA7A355C689}
	EndGlobalSection
EndGlobal
